
Microsoft Visual Studio Solution File, Format Version 12.00
# Visual Studio Version 16
VisualStudioVersion = 16.0.35425.106
MinimumVisualStudioVersion = 10.0.40219.1
Project("{FAE04EC0-301F-11D3-BF4B-00C04F79EFBC}") = "WebQLDaoTao_1", "WebQLDaoTao_1\WebQLDaoTao_1.csproj", "{88259AB0-018B-44CF-A37D-7B775BECB2C6}"
EndProject
Global
	GlobalSection(SolutionConfigurationPlatforms) = preSolution
		Debug|Any CPU = Debug|Any CPU
		Release|Any CPU = Release|Any CPU
	EndGlobalSection
	GlobalSection(ProjectConfigurationPlatforms) = postSolution
		{88259AB0-018B-44CF-A37D-7B775BECB2C6}.Debug|Any CPU.ActiveCfg = Debug|Any CPU
		{88259AB0-018B-44CF-A37D-7B775BECB2C6}.Debug|Any CPU.Build.0 = Debug|Any CPU
		{88259AB0-018B-44CF-A37D-7B775BECB2C6}.Release|Any CPU.ActiveCfg = Release|Any CPU
		{88259AB0-018B-44CF-A37D-7B775BECB2C6}.Release|Any CPU.Build.0 = Release|Any CPU
	EndGlobalSection
	GlobalSection(SolutionProperties) = preSolution
		HideSolutionNode = FALSE
	EndGlobalSection
	GlobalSection(ExtensibilityGlobals) = postSolution
		SolutionGuid = {44610A32-06FF-4492-BE64-96639344A138}
	EndGlobalSection
EndGlobal
